
Microsoft Visual Studio Solution File, Format Version 12.00
# Visual Studio Version 17
VisualStudioVersion = 17.0.31903.59
MinimumVisualStudioVersion = 10.0.40219.1
Project("{2150E333-8FDC-42A3-9474-1A3956D46DE8}") = "src", "src", "{7B5B06A1-5E75-4AA9-8549-8BAE57DBC452}"
EndProject
Project("{FAE04EC0-301F-11D3-BF4B-00C04F79EFBC}") = "AuctionService", "src\AuctionService\AuctionService.csproj", "{D4A8DFEE-9B51-4C4A-BD58-0563A2A6B789}"
EndProject
Project("{FAE04EC0-301F-11D3-BF4B-00C04F79EFBC}") = "SearchService", "src\SearchService\SearchService.csproj", "{582CFE2B-F491-4767-B101-14F884A7093C}"
EndProject
Project("{FAE04EC0-301F-11D3-BF4B-00C04F79EFBC}") = "Contracts", "src\Contracts\Contracts.csproj", "{594B04FA-A717-43EB-9B81-AF102AC9CF8B}"
EndProject
Project("{FAE04EC0-301F-11D3-BF4B-00C04F79EFBC}") = "IdentityService", "src\IdentityService\IdentityService.csproj", "{06C1DDB9-689E-45A8-A267-83D77AE70C82}"
EndProject
Project("{FAE04EC0-301F-11D3-BF4B-00C04F79EFBC}") = "GatewayService", "src\GatewayService\GatewayService.csproj", "{03B58F6D-DC10-40F6-AC90-1EDD3A97D4C0}"
EndProject
Global
	GlobalSection(SolutionConfigurationPlatforms) = preSolution
		Debug|Any CPU = Debug|Any CPU
		Release|Any CPU = Release|Any CPU
	EndGlobalSection
	GlobalSection(SolutionProperties) = preSolution
		HideSolutionNode = FALSE
	EndGlobalSection
	GlobalSection(ProjectConfigurationPlatforms) = postSolution
		{D4A8DFEE-9B51-4C4A-BD58-0563A2A6B789}.Debug|Any CPU.ActiveCfg = Debug|Any CPU
		{D4A8DFEE-9B51-4C4A-BD58-0563A2A6B789}.Debug|Any CPU.Build.0 = Debug|Any CPU
		{D4A8DFEE-9B51-4C4A-BD58-0563A2A6B789}.Release|Any CPU.ActiveCfg = Release|Any CPU
		{D4A8DFEE-9B51-4C4A-BD58-0563A2A6B789}.Release|Any CPU.Build.0 = Release|Any CPU
		{582CFE2B-F491-4767-B101-14F884A7093C}.Debug|Any CPU.ActiveCfg = Debug|Any CPU
		{582CFE2B-F491-4767-B101-14F884A7093C}.Debug|Any CPU.Build.0 = Debug|Any CPU
		{582CFE2B-F491-4767-B101-14F884A7093C}.Release|Any CPU.ActiveCfg = Release|Any CPU
		{582CFE2B-F491-4767-B101-14F884A7093C}.Release|Any CPU.Build.0 = Release|Any CPU
		{594B04FA-A717-43EB-9B81-AF102AC9CF8B}.Debug|Any CPU.ActiveCfg = Debug|Any CPU
		{594B04FA-A717-43EB-9B81-AF102AC9CF8B}.Debug|Any CPU.Build.0 = Debug|Any CPU
		{594B04FA-A717-43EB-9B81-AF102AC9CF8B}.Release|Any CPU.ActiveCfg = Release|Any CPU
		{594B04FA-A717-43EB-9B81-AF102AC9CF8B}.Release|Any CPU.Build.0 = Release|Any CPU
		{06C1DDB9-689E-45A8-A267-83D77AE70C82}.Debug|Any CPU.ActiveCfg = Debug|Any CPU
		{06C1DDB9-689E-45A8-A267-83D77AE70C82}.Debug|Any CPU.Build.0 = Debug|Any CPU
		{06C1DDB9-689E-45A8-A267-83D77AE70C82}.Release|Any CPU.ActiveCfg = Release|Any CPU
		{06C1DDB9-689E-45A8-A267-83D77AE70C82}.Release|Any CPU.Build.0 = Release|Any CPU
		{03B58F6D-DC10-40F6-AC90-1EDD3A97D4C0}.Debug|Any CPU.ActiveCfg = Debug|Any CPU
		{03B58F6D-DC10-40F6-AC90-1EDD3A97D4C0}.Debug|Any CPU.Build.0 = Debug|Any CPU
		{03B58F6D-DC10-40F6-AC90-1EDD3A97D4C0}.Release|Any CPU.ActiveCfg = Release|Any CPU
		{03B58F6D-DC10-40F6-AC90-1EDD3A97D4C0}.Release|Any CPU.Build.0 = Release|Any CPU
	EndGlobalSection
	GlobalSection(NestedProjects) = preSolution
		{D4A8DFEE-9B51-4C4A-BD58-0563A2A6B789} = {7B5B06A1-5E75-4AA9-8549-8BAE57DBC452}
		{582CFE2B-F491-4767-B101-14F884A7093C} = {7B5B06A1-5E75-4AA9-8549-8BAE57DBC452}
		{594B04FA-A717-43EB-9B81-AF102AC9CF8B} = {7B5B06A1-5E75-4AA9-8549-8BAE57DBC452}
		{06C1DDB9-689E-45A8-A267-83D77AE70C82} = {7B5B06A1-5E75-4AA9-8549-8BAE57DBC452}
		{03B58F6D-DC10-40F6-AC90-1EDD3A97D4C0} = {7B5B06A1-5E75-4AA9-8549-8BAE57DBC452}
	EndGlobalSection
EndGlobal
